
Microsoft Visual Studio Solution File, Format Version 12.00
# Visual Studio Version 16
VisualStudioVersion = 16.0.29509.3
MinimumVisualStudioVersion = 10.0.40219.1
Project("{FAE04EC0-301F-11D3-BF4B-00C04F79EFBC}") = "CMSTweets", "CMSTweets\CMSTweets.csproj", "{6E56514A-EBB5-437F-A4E6-684CACD7010B}"
EndProject
Global
	GlobalSection(SolutionConfigurationPlatforms) = preSolution
		Debug|Any CPU = Debug|Any CPU
		Release|Any CPU = Release|Any CPU
	EndGlobalSection
	GlobalSection(ProjectConfigurationPlatforms) = postSolution
		{6E56514A-EBB5-437F-A4E6-684CACD7010B}.Debug|Any CPU.ActiveCfg = Debug|Any CPU
		{6E56514A-EBB5-437F-A4E6-684CACD7010B}.Debug|Any CPU.Build.0 = Debug|Any CPU
		{6E56514A-EBB5-437F-A4E6-684CACD7010B}.Release|Any CPU.ActiveCfg = Release|Any CPU
		{6E56514A-EBB5-437F-A4E6-684CACD7010B}.Release|Any CPU.Build.0 = Release|Any CPU
	EndGlobalSection
	GlobalSection(SolutionProperties) = preSolution
		HideSolutionNode = FALSE
	EndGlobalSection
	GlobalSection(ExtensibilityGlobals) = postSolution
		SolutionGuid = {AAF33AEB-68B6-47AF-A9B7-9E127014AFB6}
	EndGlobalSection
EndGlobal
